// !$*UTF8*$!
{
	archiveVersion = 1;
	classes = {
	};
	objectVersion = 46;
	objects = {

/* Begin PBXBuildFile section */
		222CD1031F8BCA8400F9330A /* PageContentView.swift in Sources */ = {isa = PBXBuildFile; fileRef = 222CD1021F8BCA8400F9330A /* PageContentView.swift */; };
		222FCC871FAC960400DB448E /* GameViewController.swift in Sources */ = {isa = PBXBuildFile; fileRef = 222FCC861FAC960400DB448E /* GameViewController.swift */; };
		222FCC891FAC9C2300DB448E /* GameViewModel.swift in Sources */ = {isa = PBXBuildFile; fileRef = 222FCC881FAC9C2300DB448E /* GameViewModel.swift */; };
		222FCC8B1FAC9F7C00DB448E /* GameModel.swift in Sources */ = {isa = PBXBuildFile; fileRef = 222FCC8A1FAC9F7C00DB448E /* GameModel.swift */; };
		222FCC8D1FACA12E00DB448E /* BaseGameModel.swift in Sources */ = {isa = PBXBuildFile; fileRef = 222FCC8C1FACA12E00DB448E /* BaseGameModel.swift */; };
		22316B0C1FAAC53C002C493A /* RecommendViewModel.swift in Sources */ = {isa = PBXBuildFile; fileRef = 22316B0B1FAAC53C002C493A /* RecommendViewModel.swift */; };
		22316B0E1FAADBB4002C493A /* AnchorGroup.swift in Sources */ = {isa = PBXBuildFile; fileRef = 22316B0D1FAADBB4002C493A /* AnchorGroup.swift */; };
		22316B101FAADE86002C493A /* AnchorModel.swift in Sources */ = {isa = PBXBuildFile; fileRef = 22316B0F1FAADE86002C493A /* AnchorModel.swift */; };
		223509881F713665006F5F92 /* AppDelegate.swift in Sources */ = {isa = PBXBuildFile; fileRef = 223509871F713665006F5F92 /* AppDelegate.swift */; };
		2235098D1F713666006F5F92 /* Main.storyboard in Resources */ = {isa = PBXBuildFile; fileRef = 2235098B1F713666006F5F92 /* Main.storyboard */; };
		2235098F1F713666006F5F92 /* Assets.xcassets in Resources */ = {isa = PBXBuildFile; fileRef = 2235098E1F713666006F5F92 /* Assets.xcassets */; };
		223509921F713666006F5F92 /* LaunchScreen.storyboard in Resources */ = {isa = PBXBuildFile; fileRef = 223509901F713666006F5F92 /* LaunchScreen.storyboard */; };
		22454F8B1F768C5B001B0E24 /* UIColor+DYZB.swift in Sources */ = {isa = PBXBuildFile; fileRef = 22454F8A1F768C5B001B0E24 /* UIColor+DYZB.swift */; };
		22454F8D1F768C89001B0E24 /* UIDevice+DYZB.swift in Sources */ = {isa = PBXBuildFile; fileRef = 22454F8C1F768C89001B0E24 /* UIDevice+DYZB.swift */; };
		22454F8F1F768CBD001B0E24 /* UIBarbuttonItem+DYZB.swift in Sources */ = {isa = PBXBuildFile; fileRef = 22454F8E1F768CBD001B0E24 /* UIBarbuttonItem+DYZB.swift */; };
		22454F911F769FFF001B0E24 /* Date+DYZB.swift in Sources */ = {isa = PBXBuildFile; fileRef = 22454F901F769FFF001B0E24 /* Date+DYZB.swift */; };
		22454F931F76A054001B0E24 /* NSNumber+DYZB.swift in Sources */ = {isa = PBXBuildFile; fileRef = 22454F921F76A054001B0E24 /* NSNumber+DYZB.swift */; };
		22454F951F76A7E9001B0E24 /* UIApplication+DYZB.swift in Sources */ = {isa = PBXBuildFile; fileRef = 22454F941F76A7E9001B0E24 /* UIApplication+DYZB.swift */; };
		22454F971F76B32A001B0E24 /* UIView+DYZB.swift in Sources */ = {isa = PBXBuildFile; fileRef = 22454F961F76B32A001B0E24 /* UIView+DYZB.swift */; };
		22454F991F76B536001B0E24 /* UIImage+DYZB.swift in Sources */ = {isa = PBXBuildFile; fileRef = 22454F981F76B536001B0E24 /* UIImage+DYZB.swift */; };
		224601CB1FAAFA400040CA5B /* CollectionBaseCell.swift in Sources */ = {isa = PBXBuildFile; fileRef = 224601CA1FAAFA400040CA5B /* CollectionBaseCell.swift */; };
		224601EF1FAB06E30040CA5B /* RecommendCycleView.swift in Sources */ = {isa = PBXBuildFile; fileRef = 224601EE1FAB06E30040CA5B /* RecommendCycleView.swift */; };
		224601F11FAB07160040CA5B /* RecommendCycleView.xib in Resources */ = {isa = PBXBuildFile; fileRef = 224601F01FAB07160040CA5B /* RecommendCycleView.xib */; };
		224601F31FAB1D940040CA5B /* CycleModel.swift in Sources */ = {isa = PBXBuildFile; fileRef = 224601F21FAB1D940040CA5B /* CycleModel.swift */; };
		224601F61FAB21DC0040CA5B /* CollectionCycleCell.swift in Sources */ = {isa = PBXBuildFile; fileRef = 224601F41FAB21DC0040CA5B /* CollectionCycleCell.swift */; };
		224601F71FAB21DC0040CA5B /* CollectionCycleCell.xib in Resources */ = {isa = PBXBuildFile; fileRef = 224601F51FAB21DC0040CA5B /* CollectionCycleCell.xib */; };
		224601F91FAB49420040CA5B /* RecommendGameView.swift in Sources */ = {isa = PBXBuildFile; fileRef = 224601F81FAB49420040CA5B /* RecommendGameView.swift */; };
		224601FB1FAB4A550040CA5B /* RecommendGameView.xib in Resources */ = {isa = PBXBuildFile; fileRef = 224601FA1FAB4A550040CA5B /* RecommendGameView.xib */; };
		224601FE1FAB541E0040CA5B /* CollectionGameCell.swift in Sources */ = {isa = PBXBuildFile; fileRef = 224601FC1FAB541E0040CA5B /* CollectionGameCell.swift */; };
		224601FF1FAB541E0040CA5B /* CollectionGameCell.xib in Resources */ = {isa = PBXBuildFile; fileRef = 224601FD1FAB541E0040CA5B /* CollectionGameCell.xib */; };
		227603841FA9AC2D0041486B /* RecommendViewController.swift in Sources */ = {isa = PBXBuildFile; fileRef = 227603831FA9AC2D0041486B /* RecommendViewController.swift */; };
		227603871FA9B83C0041486B /* CollectionHeaderView.swift in Sources */ = {isa = PBXBuildFile; fileRef = 227603851FA9B83C0041486B /* CollectionHeaderView.swift */; };
		227603881FA9B83C0041486B /* CollectionHeaderView.xib in Resources */ = {isa = PBXBuildFile; fileRef = 227603861FA9B83C0041486B /* CollectionHeaderView.xib */; };
		2276038B1FA9C2440041486B /* CollectionNormalCell.swift in Sources */ = {isa = PBXBuildFile; fileRef = 227603891FA9C2440041486B /* CollectionNormalCell.swift */; };
		2276038C1FA9C2440041486B /* CollectionNormalCell.xib in Resources */ = {isa = PBXBuildFile; fileRef = 2276038A1FA9C2440041486B /* CollectionNormalCell.xib */; };
		2276038F1FA9F3550041486B /* CollectionPrettyCell.swift in Sources */ = {isa = PBXBuildFile; fileRef = 2276038D1FA9F3550041486B /* CollectionPrettyCell.swift */; };
		227603901FA9F3550041486B /* CollectionPrettyCell.xib in Resources */ = {isa = PBXBuildFile; fileRef = 2276038E1FA9F3550041486B /* CollectionPrettyCell.xib */; };
		227603921FAA08190041486B /* NetworkTools.swift in Sources */ = {isa = PBXBuildFile; fileRef = 227603911FAA08190041486B /* NetworkTools.swift */; };
		22A905511FAD8D3A00D47B9B /* AmuseViewController.swift in Sources */ = {isa = PBXBuildFile; fileRef = 22A905501FAD8D3A00D47B9B /* AmuseViewController.swift */; };
		22A905531FAD914400D47B9B /* AmuseViewModel.swift in Sources */ = {isa = PBXBuildFile; fileRef = 22A905521FAD914400D47B9B /* AmuseViewModel.swift */; };
		22A905561FAD96E100D47B9B /* BaseViewModel.swift in Sources */ = {isa = PBXBuildFile; fileRef = 22A905551FAD96E100D47B9B /* BaseViewModel.swift */; };
		22A905581FAD99D800D47B9B /* BaseAnchorViewController.swift in Sources */ = {isa = PBXBuildFile; fileRef = 22A905571FAD99D800D47B9B /* BaseAnchorViewController.swift */; };
		22A9055C1FADA90C00D47B9B /* AmuseMenuView.swift in Sources */ = {isa = PBXBuildFile; fileRef = 22A9055B1FADA90C00D47B9B /* AmuseMenuView.swift */; };
		22A9055E1FADA96D00D47B9B /* AmuseMenuView.xib in Resources */ = {isa = PBXBuildFile; fileRef = 22A9055D1FADA96D00D47B9B /* AmuseMenuView.xib */; };
		22A905611FADB10600D47B9B /* AmuseMenuCell.swift in Sources */ = {isa = PBXBuildFile; fileRef = 22A9055F1FADB10600D47B9B /* AmuseMenuCell.swift */; };
		22A905621FADB10600D47B9B /* AmuseMenuCell.xib in Resources */ = {isa = PBXBuildFile; fileRef = 22A905601FADB10600D47B9B /* AmuseMenuCell.xib */; };
		22A905641FADBBA200D47B9B /* FunnyViewController.swift in Sources */ = {isa = PBXBuildFile; fileRef = 22A905631FADBBA200D47B9B /* FunnyViewController.swift */; };
		22A905661FADBF4E00D47B9B /* FunnyViewModel.swift in Sources */ = {isa = PBXBuildFile; fileRef = 22A905651FADBF4E00D47B9B /* FunnyViewModel.swift */; };
		22AB70E41F752F0D00484639 /* Live.storyboard in Resources */ = {isa = PBXBuildFile; fileRef = 22AB70E31F752F0D00484639 /* Live.storyboard */; };
		22AB70E61F752F2A00484639 /* Follow.storyboard in Resources */ = {isa = PBXBuildFile; fileRef = 22AB70E51F752F2A00484639 /* Follow.storyboard */; };
		22AB70E81F752F7500484639 /* Discover.storyboard in Resources */ = {isa = PBXBuildFile; fileRef = 22AB70E71F752F7500484639 /* Discover.storyboard */; };
		22AB70EA1F752F9100484639 /* Profile.storyboard in Resources */ = {isa = PBXBuildFile; fileRef = 22AB70E91F752F9100484639 /* Profile.storyboard */; };
		22AB70EC1F7530CF00484639 /* Home.storyboard in Resources */ = {isa = PBXBuildFile; fileRef = 22AB70EB1F7530CF00484639 /* Home.storyboard */; };
		22DDDAC31F75F76100C3AF0E /* HomeViewController.swift in Sources */ = {isa = PBXBuildFile; fileRef = 22DDDAC21F75F76100C3AF0E /* HomeViewController.swift */; };
		22DDDACD1F7659A600C3AF0E /* Marco.swift in Sources */ = {isa = PBXBuildFile; fileRef = 22DDDACC1F7659A600C3AF0E /* Marco.swift */; };
		22FE3A661F78702800F3F305 /* PageTitleView.swift in Sources */ = {isa = PBXBuildFile; fileRef = 22FE3A651F78702800F3F305 /* PageTitleView.swift */; };
		3295D7B48FCBB7D4A6640930 /* Pods_DouYuZB.framework in Frameworks */ = {isa = PBXBuildFile; fileRef = DE8C0978E4765D00A4C53BF8 /* Pods_DouYuZB.framework */; };
/* End PBXBuildFile section */

/* Begin PBXFileReference section */
		222CD1021F8BCA8400F9330A /* PageContentView.swift */ = {isa = PBXFileReference; lastKnownFileType = sourcecode.swift; path = PageContentView.swift; sourceTree = "<group>"; };
		222FCC861FAC960400DB448E /* GameViewController.swift */ = {isa = PBXFileReference; lastKnownFileType = sourcecode.swift; path = GameViewController.swift; sourceTree = "<group>"; };
		222FCC881FAC9C2300DB448E /* GameViewModel.swift */ = {isa = PBXFileReference; lastKnownFileType = sourcecode.swift; path = GameViewModel.swift; sourceTree = "<group>"; };
		222FCC8A1FAC9F7C00DB448E /* GameModel.swift */ = {isa = PBXFileReference; lastKnownFileType = sourcecode.swift; path = GameModel.swift; sourceTree = "<group>"; };
		222FCC8C1FACA12E00DB448E /* BaseGameModel.swift */ = {isa = PBXFileReference; lastKnownFileType = sourcecode.swift; path = BaseGameModel.swift; sourceTree = "<group>"; };
		22316B0B1FAAC53C002C493A /* RecommendViewModel.swift */ = {isa = PBXFileReference; lastKnownFileType = sourcecode.swift; path = RecommendViewModel.swift; sourceTree = "<group>"; };
		22316B0D1FAADBB4002C493A /* AnchorGroup.swift */ = {isa = PBXFileReference; lastKnownFileType = sourcecode.swift; path = AnchorGroup.swift; sourceTree = "<group>"; };
		22316B0F1FAADE86002C493A /* AnchorModel.swift */ = {isa = PBXFileReference; lastKnownFileType = sourcecode.swift; path = AnchorModel.swift; sourceTree = "<group>"; };
		223509841F713665006F5F92 /* DouYuZB.app */ = {isa = PBXFileReference; explicitFileType = wrapper.application; includeInIndex = 0; path = DouYuZB.app; sourceTree = BUILT_PRODUCTS_DIR; };
		223509871F713665006F5F92 /* AppDelegate.swift */ = {isa = PBXFileReference; lastKnownFileType = sourcecode.swift; path = AppDelegate.swift; sourceTree = "<group>"; };
		2235098C1F713666006F5F92 /* Base */ = {isa = PBXFileReference; lastKnownFileType = file.storyboard; name = Base; path = Base.lproj/Main.storyboard; sourceTree = "<group>"; };
		2235098E1F713666006F5F92 /* Assets.xcassets */ = {isa = PBXFileReference; lastKnownFileType = folder.assetcatalog; path = Assets.xcassets; sourceTree = "<group>"; };
		223509911F713666006F5F92 /* Base */ = {isa = PBXFileReference; lastKnownFileType = file.storyboard; name = Base; path = Base.lproj/LaunchScreen.storyboard; sourceTree = "<group>"; };
		223509931F713666006F5F92 /* Info.plist */ = {isa = PBXFileReference; lastKnownFileType = text.plist.xml; path = Info.plist; sourceTree = "<group>"; };
		22454F8A1F768C5B001B0E24 /* UIColor+DYZB.swift */ = {isa = PBXFileReference; lastKnownFileType = sourcecode.swift; path = "UIColor+DYZB.swift"; sourceTree = "<group>"; };
		22454F8C1F768C89001B0E24 /* UIDevice+DYZB.swift */ = {isa = PBXFileReference; lastKnownFileType = sourcecode.swift; path = "UIDevice+DYZB.swift"; sourceTree = "<group>"; };
		22454F8E1F768CBD001B0E24 /* UIBarbuttonItem+DYZB.swift */ = {isa = PBXFileReference; lastKnownFileType = sourcecode.swift; path = "UIBarbuttonItem+DYZB.swift"; sourceTree = "<group>"; };
		22454F901F769FFF001B0E24 /* Date+DYZB.swift */ = {isa = PBXFileReference; lastKnownFileType = sourcecode.swift; path = "Date+DYZB.swift"; sourceTree = "<group>"; };
		22454F921F76A054001B0E24 /* NSNumber+DYZB.swift */ = {isa = PBXFileReference; lastKnownFileType = sourcecode.swift; path = "NSNumber+DYZB.swift"; sourceTree = "<group>"; };
		22454F941F76A7E9001B0E24 /* UIApplication+DYZB.swift */ = {isa = PBXFileReference; lastKnownFileType = sourcecode.swift; path = "UIApplication+DYZB.swift"; sourceTree = "<group>"; };
		22454F961F76B32A001B0E24 /* UIView+DYZB.swift */ = {isa = PBXFileReference; lastKnownFileType = sourcecode.swift; path = "UIView+DYZB.swift"; sourceTree = "<group>"; };
		22454F981F76B536001B0E24 /* UIImage+DYZB.swift */ = {isa = PBXFileReference; lastKnownFileType = sourcecode.swift; path = "UIImage+DYZB.swift"; sourceTree = "<group>"; };
		224601CA1FAAFA400040CA5B /* CollectionBaseCell.swift */ = {isa = PBXFileReference; lastKnownFileType = sourcecode.swift; path = CollectionBaseCell.swift; sourceTree = "<group>"; };
		224601EE1FAB06E30040CA5B /* RecommendCycleView.swift */ = {isa = PBXFileReference; lastKnownFileType = sourcecode.swift; path = RecommendCycleView.swift; sourceTree = "<group>"; };
		224601F01FAB07160040CA5B /* RecommendCycleView.xib */ = {isa = PBXFileReference; lastKnownFileType = file.xib; path = RecommendCycleView.xib; sourceTree = "<group>"; };
		224601F21FAB1D940040CA5B /* CycleModel.swift */ = {isa = PBXFileReference; lastKnownFileType = sourcecode.swift; path = CycleModel.swift; sourceTree = "<group>"; };
		224601F41FAB21DC0040CA5B /* CollectionCycleCell.swift */ = {isa = PBXFileReference; lastKnownFileType = sourcecode.swift; path = CollectionCycleCell.swift; sourceTree = "<group>"; };
		224601F51FAB21DC0040CA5B /* CollectionCycleCell.xib */ = {isa = PBXFileReference; lastKnownFileType = file.xib; path = CollectionCycleCell.xib; sourceTree = "<group>"; };
		224601F81FAB49420040CA5B /* RecommendGameView.swift */ = {isa = PBXFileReference; lastKnownFileType = sourcecode.swift; path = RecommendGameView.swift; sourceTree = "<group>"; };
		224601FA1FAB4A550040CA5B /* RecommendGameView.xib */ = {isa = PBXFileReference; lastKnownFileType = file.xib; path = RecommendGameView.xib; sourceTree = "<group>"; };
		224601FC1FAB541E0040CA5B /* CollectionGameCell.swift */ = {isa = PBXFileReference; lastKnownFileType = sourcecode.swift; path = CollectionGameCell.swift; sourceTree = "<group>"; };
		224601FD1FAB541E0040CA5B /* CollectionGameCell.xib */ = {isa = PBXFileReference; lastKnownFileType = file.xib; path = CollectionGameCell.xib; sourceTree = "<group>"; };
		227603831FA9AC2D0041486B /* RecommendViewController.swift */ = {isa = PBXFileReference; lastKnownFileType = sourcecode.swift; path = RecommendViewController.swift; sourceTree = "<group>"; };
		227603851FA9B83C0041486B /* CollectionHeaderView.swift */ = {isa = PBXFileReference; lastKnownFileType = sourcecode.swift; path = CollectionHeaderView.swift; sourceTree = "<group>"; };
		227603861FA9B83C0041486B /* CollectionHeaderView.xib */ = {isa = PBXFileReference; lastKnownFileType = file.xib; path = CollectionHeaderView.xib; sourceTree = "<group>"; };
		227603891FA9C2440041486B /* CollectionNormalCell.swift */ = {isa = PBXFileReference; lastKnownFileType = sourcecode.swift; path = CollectionNormalCell.swift; sourceTree = "<group>"; };
		2276038A1FA9C2440041486B /* CollectionNormalCell.xib */ = {isa = PBXFileReference; lastKnownFileType = file.xib; path = CollectionNormalCell.xib; sourceTree = "<group>"; };
		2276038D1FA9F3550041486B /* CollectionPrettyCell.swift */ = {isa = PBXFileReference; lastKnownFileType = sourcecode.swift; path = CollectionPrettyCell.swift; sourceTree = "<group>"; };
		2276038E1FA9F3550041486B /* CollectionPrettyCell.xib */ = {isa = PBXFileReference; lastKnownFileType = file.xib; path = CollectionPrettyCell.xib; sourceTree = "<group>"; };
		227603911FAA08190041486B /* NetworkTools.swift */ = {isa = PBXFileReference; lastKnownFileType = sourcecode.swift; path = NetworkTools.swift; sourceTree = "<group>"; };
		22A905501FAD8D3A00D47B9B /* AmuseViewController.swift */ = {isa = PBXFileReference; lastKnownFileType = sourcecode.swift; path = AmuseViewController.swift; sourceTree = "<group>"; };
		22A905521FAD914400D47B9B /* AmuseViewModel.swift */ = {isa = PBXFileReference; lastKnownFileType = sourcecode.swift; path = AmuseViewModel.swift; sourceTree = "<group>"; };
		22A905551FAD96E100D47B9B /* BaseViewModel.swift */ = {isa = PBXFileReference; lastKnownFileType = sourcecode.swift; path = BaseViewModel.swift; sourceTree = "<group>"; };
		22A905571FAD99D800D47B9B /* BaseAnchorViewController.swift */ = {isa = PBXFileReference; lastKnownFileType = sourcecode.swift; path = BaseAnchorViewController.swift; sourceTree = "<group>"; };
		22A9055B1FADA90C00D47B9B /* AmuseMenuView.swift */ = {isa = PBXFileReference; lastKnownFileType = sourcecode.swift; path = AmuseMenuView.swift; sourceTree = "<group>"; };
		22A9055D1FADA96D00D47B9B /* AmuseMenuView.xib */ = {isa = PBXFileReference; lastKnownFileType = file.xib; path = AmuseMenuView.xib; sourceTree = "<group>"; };
		22A9055F1FADB10600D47B9B /* AmuseMenuCell.swift */ = {isa = PBXFileReference; lastKnownFileType = sourcecode.swift; path = AmuseMenuCell.swift; sourceTree = "<group>"; };
		22A905601FADB10600D47B9B /* AmuseMenuCell.xib */ = {isa = PBXFileReference; lastKnownFileType = file.xib; path = AmuseMenuCell.xib; sourceTree = "<group>"; };
		22A905631FADBBA200D47B9B /* FunnyViewController.swift */ = {isa = PBXFileReference; lastKnownFileType = sourcecode.swift; path = FunnyViewController.swift; sourceTree = "<group>"; };
		22A905651FADBF4E00D47B9B /* FunnyViewModel.swift */ = {isa = PBXFileReference; lastKnownFileType = sourcecode.swift; path = FunnyViewModel.swift; sourceTree = "<group>"; };
		22AB70E31F752F0D00484639 /* Live.storyboard */ = {isa = PBXFileReference; fileEncoding = 4; lastKnownFileType = file.storyboard; path = Live.storyboard; sourceTree = "<group>"; };
		22AB70E51F752F2A00484639 /* Follow.storyboard */ = {isa = PBXFileReference; fileEncoding = 4; lastKnownFileType = file.storyboard; path = Follow.storyboard; sourceTree = "<group>"; };
		22AB70E71F752F7500484639 /* Discover.storyboard */ = {isa = PBXFileReference; fileEncoding = 4; lastKnownFileType = file.storyboard; path = Discover.storyboard; sourceTree = "<group>"; };
		22AB70E91F752F9100484639 /* Profile.storyboard */ = {isa = PBXFileReference; fileEncoding = 4; lastKnownFileType = file.storyboard; path = Profile.storyboard; sourceTree = "<group>"; };
		22AB70EB1F7530CF00484639 /* Home.storyboard */ = {isa = PBXFileReference; fileEncoding = 4; lastKnownFileType = file.storyboard; path = Home.storyboard; sourceTree = "<group>"; };
		22DDDAC21F75F76100C3AF0E /* HomeViewController.swift */ = {isa = PBXFileReference; lastKnownFileType = sourcecode.swift; path = HomeViewController.swift; sourceTree = "<group>"; };
		22DDDACC1F7659A600C3AF0E /* Marco.swift */ = {isa = PBXFileReference; lastKnownFileType = sourcecode.swift; path = Marco.swift; sourceTree = "<group>"; };
		22FE3A651F78702800F3F305 /* PageTitleView.swift */ = {isa = PBXFileReference; lastKnownFileType = sourcecode.swift; path = PageTitleView.swift; sourceTree = "<group>"; };
		55918FC87386032420F94A67 /* Pods-DouYuZB.debug.xcconfig */ = {isa = PBXFileReference; includeInIndex = 1; lastKnownFileType = text.xcconfig; name = "Pods-DouYuZB.debug.xcconfig"; path = "Pods/Target Support Files/Pods-DouYuZB/Pods-DouYuZB.debug.xcconfig"; sourceTree = "<group>"; };
		A698EBB1DEE3D9316BCF3461 /* Pods-DouYuZB.release.xcconfig */ = {isa = PBXFileReference; includeInIndex = 1; lastKnownFileType = text.xcconfig; name = "Pods-DouYuZB.release.xcconfig"; path = "Pods/Target Support Files/Pods-DouYuZB/Pods-DouYuZB.release.xcconfig"; sourceTree = "<group>"; };
		DE8C0978E4765D00A4C53BF8 /* Pods_DouYuZB.framework */ = {isa = PBXFileReference; explicitFileType = wrapper.framework; includeInIndex = 0; path = Pods_DouYuZB.framework; sourceTree = BUILT_PRODUCTS_DIR; };
/* End PBXFileReference section */

/* Begin PBXFrameworksBuildPhase section */
		223509811F713665006F5F92 /* Frameworks */ = {
			isa = PBXFrameworksBuildPhase;
			buildActionMask = 2147483647;
			files = (
				3295D7B48FCBB7D4A6640930 /* Pods_DouYuZB.framework in Frameworks */,
			);
			runOnlyForDeploymentPostprocessing = 0;
		};
/* End PBXFrameworksBuildPhase section */

/* Begin PBXGroup section */
		22316B0A1FAAC500002C493A /* ViewModel */ = {
			isa = PBXGroup;
			children = (
				22316B0B1FAAC53C002C493A /* RecommendViewModel.swift */,
				222FCC881FAC9C2300DB448E /* GameViewModel.swift */,
				22A905521FAD914400D47B9B /* AmuseViewModel.swift */,
				22A905651FADBF4E00D47B9B /* FunnyViewModel.swift */,
			);
			path = ViewModel;
			sourceTree = "<group>";
		};
		2235097B1F713665006F5F92 = {
			isa = PBXGroup;
			children = (
				223509861F713665006F5F92 /* DouYuZB */,
				223509851F713665006F5F92 /* Products */,
				593324B02556EB1DC44CEC44 /* Pods */,
				3BE1BE75B5C4CFC1DCA71942 /* Frameworks */,
			);
			sourceTree = "<group>";
		};
		223509851F713665006F5F92 /* Products */ = {
			isa = PBXGroup;
			children = (
				223509841F713665006F5F92 /* DouYuZB.app */,
			);
			name = Products;
			sourceTree = "<group>";
		};
		223509861F713665006F5F92 /* DouYuZB */ = {
			isa = PBXGroup;
			children = (
				2244ADCC1F71DAE400A2EBC5 /* Classes */,
				223509871F713665006F5F92 /* AppDelegate.swift */,
				2235098E1F713666006F5F92 /* Assets.xcassets */,
				223509901F713666006F5F92 /* LaunchScreen.storyboard */,
				223509931F713666006F5F92 /* Info.plist */,
			);
			path = DouYuZB;
			sourceTree = "<group>";
		};
		2244ADCC1F71DAE400A2EBC5 /* Classes */ = {
			isa = PBXGroup;
			children = (
				2244ADD11F71DAE400A2EBC5 /* Main */,
				2244ADD41F71DBD700A2EBC5 /* Home */,
				2244ADD71F71DC5A00A2EBC5 /* Live */,
				2244ADD61F71DC5A00A2EBC5 /* Follow */,
				2244ADD81F71DC5A00A2EBC5 /* Descover */,
				2244ADD91F71DC5A00A2EBC5 /* Profile */,
				2244ADD51F71DC5A00A2EBC5 /* Tools */,
			);
			path = Classes;
			sourceTree = "<group>";
		};
		2244ADD11F71DAE400A2EBC5 /* Main */ = {
			isa = PBXGroup;
			children = (
				22A905541FAD96CD00D47B9B /* ViewModel */,
				22AB70FC1F75330500484639 /* Controller */,
				22AB70FD1F75330500484639 /* Model */,
				22AB70FE1F75330500484639 /* View */,
			);
			path = Main;
			sourceTree = "<group>";
		};
		2244ADD41F71DBD700A2EBC5 /* Home */ = {
			isa = PBXGroup;
			children = (
				22316B0A1FAAC500002C493A /* ViewModel */,
				22AB70ED1F75328D00484639 /* Controller */,
				22AB70EE1F75328D00484639 /* Model */,
				22AB70EF1F75328D00484639 /* View */,
			);
			path = Home;
			sourceTree = "<group>";
		};
		2244ADD51F71DC5A00A2EBC5 /* Tools */ = {
			isa = PBXGroup;
			children = (
				22DDDACB1F76598700C3AF0E /* Other */,
				22DDDAC81F7647F000C3AF0E /* Category */,
			);
			path = Tools;
			sourceTree = "<group>";
		};
		2244ADD61F71DC5A00A2EBC5 /* Follow */ = {
			isa = PBXGroup;
			children = (
				22AB70F41F7532A600484639 /* Controller */,
				22AB70F51F7532A600484639 /* Model */,
				22AB70F31F7532A600484639 /* View */,
			);
			path = Follow;
			sourceTree = "<group>";
		};
		2244ADD71F71DC5A00A2EBC5 /* Live */ = {
			isa = PBXGroup;
			children = (
				22AB70F11F75329700484639 /* Controller */,
				22AB70F21F75329700484639 /* Model */,
				22AB70F01F75329700484639 /* View */,
			);
			path = Live;
			sourceTree = "<group>";
		};
		2244ADD81F71DC5A00A2EBC5 /* Descover */ = {
			isa = PBXGroup;
			children = (
				22AB70F81F7532B100484639 /* Controller */,
				22AB70F61F7532B100484639 /* Model */,
				22AB70F71F7532B100484639 /* View */,
			);
			path = Descover;
			sourceTree = "<group>";
		};
		2244ADD91F71DC5A00A2EBC5 /* Profile */ = {
			isa = PBXGroup;
			children = (
				22AB70F91F7532BB00484639 /* Controller */,
				22AB70FA1F7532BB00484639 /* Model */,
				22AB70FB1F7532BB00484639 /* View */,
			);
			path = Profile;
			sourceTree = "<group>";
		};
		22A905541FAD96CD00D47B9B /* ViewModel */ = {
			isa = PBXGroup;
			children = (
				22A905551FAD96E100D47B9B /* BaseViewModel.swift */,
			);
			path = ViewModel;
			sourceTree = "<group>";
		};
		22AB70ED1F75328D00484639 /* Controller */ = {
			isa = PBXGroup;
			children = (
				22AB70EB1F7530CF00484639 /* Home.storyboard */,
				22DDDAC21F75F76100C3AF0E /* HomeViewController.swift */,
				227603831FA9AC2D0041486B /* RecommendViewController.swift */,
				222FCC861FAC960400DB448E /* GameViewController.swift */,
				22A905501FAD8D3A00D47B9B /* AmuseViewController.swift */,
				22A905631FADBBA200D47B9B /* FunnyViewController.swift */,
			);
			path = Controller;
			sourceTree = "<group>";
		};
		22AB70EE1F75328D00484639 /* Model */ = {
			isa = PBXGroup;
			children = (
				224601F21FAB1D940040CA5B /* CycleModel.swift */,
				222FCC8A1FAC9F7C00DB448E /* GameModel.swift */,
			);
			path = Model;
			sourceTree = "<group>";
		};
		22AB70EF1F75328D00484639 /* View */ = {
			isa = PBXGroup;
			children = (
				227603851FA9B83C0041486B /* CollectionHeaderView.swift */,
				227603861FA9B83C0041486B /* CollectionHeaderView.xib */,
				224601EE1FAB06E30040CA5B /* RecommendCycleView.swift */,
				224601F01FAB07160040CA5B /* RecommendCycleView.xib */,
				224601F41FAB21DC0040CA5B /* CollectionCycleCell.swift */,
				224601F51FAB21DC0040CA5B /* CollectionCycleCell.xib */,
				224601F81FAB49420040CA5B /* RecommendGameView.swift */,
				224601FA1FAB4A550040CA5B /* RecommendGameView.xib */,
				224601FC1FAB541E0040CA5B /* CollectionGameCell.swift */,
				224601FD1FAB541E0040CA5B /* CollectionGameCell.xib */,
				22A9055B1FADA90C00D47B9B /* AmuseMenuView.swift */,
				22A9055D1FADA96D00D47B9B /* AmuseMenuView.xib */,
				22A9055F1FADB10600D47B9B /* AmuseMenuCell.swift */,
				22A905601FADB10600D47B9B /* AmuseMenuCell.xib */,
			);
			path = View;
			sourceTree = "<group>";
		};
		22AB70F01F75329700484639 /* View */ = {
			isa = PBXGroup;
			children = (
			);
			path = View;
			sourceTree = "<group>";
		};
		22AB70F11F75329700484639 /* Controller */ = {
			isa = PBXGroup;
			children = (
				22AB70E31F752F0D00484639 /* Live.storyboard */,
			);
			path = Controller;
			sourceTree = "<group>";
		};
		22AB70F21F75329700484639 /* Model */ = {
			isa = PBXGroup;
			children = (
			);
			path = Model;
			sourceTree = "<group>";
		};
		22AB70F31F7532A600484639 /* View */ = {
			isa = PBXGroup;
			children = (
			);
			path = View;
			sourceTree = "<group>";
		};
		22AB70F41F7532A600484639 /* Controller */ = {
			isa = PBXGroup;
			children = (
				22AB70E51F752F2A00484639 /* Follow.storyboard */,
			);
			path = Controller;
			sourceTree = "<group>";
		};
		22AB70F51F7532A600484639 /* Model */ = {
			isa = PBXGroup;
			children = (
			);
			path = Model;
			sourceTree = "<group>";
		};
		22AB70F61F7532B100484639 /* Model */ = {
			isa = PBXGroup;
			children = (
			);
			path = Model;
			sourceTree = "<group>";
		};
		22AB70F71F7532B100484639 /* View */ = {
			isa = PBXGroup;
			children = (
			);
			path = View;
			sourceTree = "<group>";
		};
		22AB70F81F7532B100484639 /* Controller */ = {
			isa = PBXGroup;
			children = (
				22AB70E71F752F7500484639 /* Discover.storyboard */,
			);
			path = Controller;
			sourceTree = "<group>";
		};
		22AB70F91F7532BB00484639 /* Controller */ = {
			isa = PBXGroup;
			children = (
				22AB70E91F752F9100484639 /* Profile.storyboard */,
			);
			path = Controller;
			sourceTree = "<group>";
		};
		22AB70FA1F7532BB00484639 /* Model */ = {
			isa = PBXGroup;
			children = (
			);
			path = Model;
			sourceTree = "<group>";
		};
		22AB70FB1F7532BB00484639 /* View */ = {
			isa = PBXGroup;
			children = (
			);
			path = View;
			sourceTree = "<group>";
		};
		22AB70FC1F75330500484639 /* Controller */ = {
			isa = PBXGroup;
			children = (
				2235098B1F713666006F5F92 /* Main.storyboard */,
				22A905571FAD99D800D47B9B /* BaseAnchorViewController.swift */,
			);
			path = Controller;
			sourceTree = "<group>";
		};
		22AB70FD1F75330500484639 /* Model */ = {
			isa = PBXGroup;
			children = (
				22316B0D1FAADBB4002C493A /* AnchorGroup.swift */,
				22316B0F1FAADE86002C493A /* AnchorModel.swift */,
				222FCC8C1FACA12E00DB448E /* BaseGameModel.swift */,
			);
			path = Model;
			sourceTree = "<group>";
		};
		22AB70FE1F75330500484639 /* View */ = {
			isa = PBXGroup;
			children = (
				22FE3A651F78702800F3F305 /* PageTitleView.swift */,
				222CD1021F8BCA8400F9330A /* PageContentView.swift */,
				227603891FA9C2440041486B /* CollectionNormalCell.swift */,
				2276038A1FA9C2440041486B /* CollectionNormalCell.xib */,
				2276038D1FA9F3550041486B /* CollectionPrettyCell.swift */,
				2276038E1FA9F3550041486B /* CollectionPrettyCell.xib */,
				224601CA1FAAFA400040CA5B /* CollectionBaseCell.swift */,
			);
			path = View;
			sourceTree = "<group>";
		};
		22DDDAC81F7647F000C3AF0E /* Category */ = {
			isa = PBXGroup;
			children = (
				22454F8A1F768C5B001B0E24 /* UIColor+DYZB.swift */,
				22454F8C1F768C89001B0E24 /* UIDevice+DYZB.swift */,
				22454F8E1F768CBD001B0E24 /* UIBarbuttonItem+DYZB.swift */,
				22454F901F769FFF001B0E24 /* Date+DYZB.swift */,
				22454F921F76A054001B0E24 /* NSNumber+DYZB.swift */,
				22454F941F76A7E9001B0E24 /* UIApplication+DYZB.swift */,
				22454F961F76B32A001B0E24 /* UIView+DYZB.swift */,
				22454F981F76B536001B0E24 /* UIImage+DYZB.swift */,
			);
			path = Category;
			sourceTree = "<group>";
		};
		22DDDACB1F76598700C3AF0E /* Other */ = {
			isa = PBXGroup;
			children = (
				22DDDACC1F7659A600C3AF0E /* Marco.swift */,
				227603911FAA08190041486B /* NetworkTools.swift */,
			);
			path = Other;
			sourceTree = "<group>";
		};
		3BE1BE75B5C4CFC1DCA71942 /* Frameworks */ = {
			isa = PBXGroup;
			children = (
				DE8C0978E4765D00A4C53BF8 /* Pods_DouYuZB.framework */,
			);
			name = Frameworks;
			sourceTree = "<group>";
		};
		593324B02556EB1DC44CEC44 /* Pods */ = {
			isa = PBXGroup;
			children = (
				55918FC87386032420F94A67 /* Pods-DouYuZB.debug.xcconfig */,
				A698EBB1DEE3D9316BCF3461 /* Pods-DouYuZB.release.xcconfig */,
			);
			name = Pods;
			sourceTree = "<group>";
		};
/* End PBXGroup section */

/* Begin PBXNativeTarget section */
		223509831F713665006F5F92 /* DouYuZB */ = {
			isa = PBXNativeTarget;
			buildConfigurationList = 223509961F713666006F5F92 /* Build configuration list for PBXNativeTarget "DouYuZB" */;
			buildPhases = (
				AF4077730E57DEEE29FA677D /* [CP] Check Pods Manifest.lock */,
				223509801F713665006F5F92 /* Sources */,
				223509811F713665006F5F92 /* Frameworks */,
				223509821F713665006F5F92 /* Resources */,
				3D64078333E224FB475070D7 /* [CP] Embed Pods Frameworks */,
				ADCFDC4C9BB7A27B1FE1AA74 /* [CP] Copy Pods Resources */,
			);
			buildRules = (
			);
			dependencies = (
			);
			name = DouYuZB;
			productName = DouYuZB;
			productReference = 223509841F713665006F5F92 /* DouYuZB.app */;
			productType = "com.apple.product-type.application";
		};
/* End PBXNativeTarget section */

/* Begin PBXProject section */
		2235097C1F713665006F5F92 /* Project object */ = {
			isa = PBXProject;
			attributes = {
				LastSwiftUpdateCheck = 0830;
				LastUpgradeCheck = 0830;
				ORGANIZATIONNAME = WKB;
				TargetAttributes = {
					223509831F713665006F5F92 = {
						CreatedOnToolsVersion = 8.3.3;
						ProvisioningStyle = Automatic;
					};
				};
			};
			buildConfigurationList = 2235097F1F713665006F5F92 /* Build configuration list for PBXProject "DouYuZB" */;
			compatibilityVersion = "Xcode 3.2";
			developmentRegion = English;
			hasScannedForEncodings = 0;
			knownRegions = (
				en,
				Base,
			);
			mainGroup = 2235097B1F713665006F5F92;
			productRefGroup = 223509851F713665006F5F92 /* Products */;
			projectDirPath = "";
			projectRoot = "";
			targets = (
				223509831F713665006F5F92 /* DouYuZB */,
			);
		};
/* End PBXProject section */

/* Begin PBXResourcesBuildPhase section */
		223509821F713665006F5F92 /* Resources */ = {
			isa = PBXResourcesBuildPhase;
			buildActionMask = 2147483647;
			files = (
				223509921F713666006F5F92 /* LaunchScreen.storyboard in Resources */,
				2235098F1F713666006F5F92 /* Assets.xcassets in Resources */,
				224601FF1FAB541E0040CA5B /* CollectionGameCell.xib in Resources */,
				2276038C1FA9C2440041486B /* CollectionNormalCell.xib in Resources */,
				22AB70EA1F752F9100484639 /* Profile.storyboard in Resources */,
				2235098D1F713666006F5F92 /* Main.storyboard in Resources */,
				224601FB1FAB4A550040CA5B /* RecommendGameView.xib in Resources */,
				22A905621FADB10600D47B9B /* AmuseMenuCell.xib in Resources */,
				22AB70E41F752F0D00484639 /* Live.storyboard in Resources */,
				227603881FA9B83C0041486B /* CollectionHeaderView.xib in Resources */,
				22AB70E81F752F7500484639 /* Discover.storyboard in Resources */,
				224601F11FAB07160040CA5B /* RecommendCycleView.xib in Resources */,
				227603901FA9F3550041486B /* CollectionPrettyCell.xib in Resources */,
				224601F71FAB21DC0040CA5B /* CollectionCycleCell.xib in Resources */,
				22A9055E1FADA96D00D47B9B /* AmuseMenuView.xib in Resources */,
				22AB70E61F752F2A00484639 /* Follow.storyboard in Resources */,
				22AB70EC1F7530CF00484639 /* Home.storyboard in Resources */,
			);
			runOnlyForDeploymentPostprocessing = 0;
		};
/* End PBXResourcesBuildPhase section */

/* Begin PBXShellScriptBuildPhase section */
		3D64078333E224FB475070D7 /* [CP] Embed Pods Frameworks */ = {
			isa = PBXShellScriptBuildPhase;
			buildActionMask = 2147483647;
			files = (
			);
			inputPaths = (
			);
			name = "[CP] Embed Pods Frameworks";
			outputPaths = (
			);
			runOnlyForDeploymentPostprocessing = 0;
			shellPath = /bin/sh;
			shellScript = "\"${SRCROOT}/Pods/Target Support Files/Pods-DouYuZB/Pods-DouYuZB-frameworks.sh\"\n";
			showEnvVarsInLog = 0;
		};
		ADCFDC4C9BB7A27B1FE1AA74 /* [CP] Copy Pods Resources */ = {
			isa = PBXShellScriptBuildPhase;
			buildActionMask = 2147483647;
			files = (
			);
			inputPaths = (
			);
			name = "[CP] Copy Pods Resources";
			outputPaths = (
			);
			runOnlyForDeploymentPostprocessing = 0;
			shellPath = /bin/sh;
			shellScript = "\"${SRCROOT}/Pods/Target Support Files/Pods-DouYuZB/Pods-DouYuZB-resources.sh\"\n";
			showEnvVarsInLog = 0;
		};
		AF4077730E57DEEE29FA677D /* [CP] Check Pods Manifest.lock */ = {
			isa = PBXShellScriptBuildPhase;
			buildActionMask = 2147483647;
			files = (
			);
			inputPaths = (
			);
			name = "[CP] Check Pods Manifest.lock";
			outputPaths = (
			);
			runOnlyForDeploymentPostprocessing = 0;
			shellPath = /bin/sh;
			shellScript = "diff \"${PODS_ROOT}/../Podfile.lock\" \"${PODS_ROOT}/Manifest.lock\" > /dev/null\nif [ $? != 0 ] ; then\n    # print error to STDERR\n    echo \"error: The sandbox is not in sync with the Podfile.lock. Run 'pod install' or update your CocoaPods installation.\" >&2\n    exit 1\nfi\n";
			showEnvVarsInLog = 0;
		};
/* End PBXShellScriptBuildPhase section */

/* Begin PBXSourcesBuildPhase section */
		223509801F713665006F5F92 /* Sources */ = {
			isa = PBXSourcesBuildPhase;
			buildActionMask = 2147483647;
			files = (
				222FCC871FAC960400DB448E /* GameViewController.swift in Sources */,
				22A905641FADBBA200D47B9B /* FunnyViewController.swift in Sources */,
				2276038F1FA9F3550041486B /* CollectionPrettyCell.swift in Sources */,
				22A905581FAD99D800D47B9B /* BaseAnchorViewController.swift in Sources */,
				22316B101FAADE86002C493A /* AnchorModel.swift in Sources */,
				222FCC891FAC9C2300DB448E /* GameViewModel.swift in Sources */,
				22A9055C1FADA90C00D47B9B /* AmuseMenuView.swift in Sources */,
				224601CB1FAAFA400040CA5B /* CollectionBaseCell.swift in Sources */,
				222FCC8B1FAC9F7C00DB448E /* GameModel.swift in Sources */,
				22FE3A661F78702800F3F305 /* PageTitleView.swift in Sources */,
				22A905611FADB10600D47B9B /* AmuseMenuCell.swift in Sources */,
				22454F991F76B536001B0E24 /* UIImage+DYZB.swift in Sources */,
				22DDDACD1F7659A600C3AF0E /* Marco.swift in Sources */,
				224601F61FAB21DC0040CA5B /* CollectionCycleCell.swift in Sources */,
				222FCC8D1FACA12E00DB448E /* BaseGameModel.swift in Sources */,
				22454F971F76B32A001B0E24 /* UIView+DYZB.swift in Sources */,
				22316B0C1FAAC53C002C493A /* RecommendViewModel.swift in Sources */,
				22A905531FAD914400D47B9B /* AmuseViewModel.swift in Sources */,
				22454F8F1F768CBD001B0E24 /* UIBarbuttonItem+DYZB.swift in Sources */,
				22A905511FAD8D3A00D47B9B /* AmuseViewController.swift in Sources */,
				22454F8D1F768C89001B0E24 /* UIDevice+DYZB.swift in Sources */,
				227603871FA9B83C0041486B /* CollectionHeaderView.swift in Sources */,
				22454F911F769FFF001B0E24 /* Date+DYZB.swift in Sources */,
				22A905561FAD96E100D47B9B /* BaseViewModel.swift in Sources */,
				224601F31FAB1D940040CA5B /* CycleModel.swift in Sources */,
				224601FE1FAB541E0040CA5B /* CollectionGameCell.swift in Sources */,
				224601EF1FAB06E30040CA5B /* RecommendCycleView.swift in Sources */,
				22454F931F76A054001B0E24 /* NSNumber+DYZB.swift in Sources */,
				22A905661FADBF4E00D47B9B /* FunnyViewModel.swift in Sources */,
				223509881F713665006F5F92 /* AppDelegate.swift in Sources */,
				22316B0E1FAADBB4002C493A /* AnchorGroup.swift in Sources */,
				2276038B1FA9C2440041486B /* CollectionNormalCell.swift in Sources */,
				224601F91FAB49420040CA5B /* RecommendGameView.swift in Sources */,
				227603841FA9AC2D0041486B /* RecommendViewController.swift in Sources */,
				22454F8B1F768C5B001B0E24 /* UIColor+DYZB.swift in Sources */,
				227603921FAA08190041486B /* NetworkTools.swift in Sources */,
				222CD1031F8BCA8400F9330A /* PageContentView.swift in Sources */,
				22DDDAC31F75F76100C3AF0E /* HomeViewController.swift in Sources */,
				22454F951F76A7E9001B0E24 /* UIApplication+DYZB.swift in Sources */,
			);
			runOnlyForDeploymentPostprocessing = 0;
		};
/* End PBXSourcesBuildPhase section */

/* Begin PBXVariantGroup section */
		2235098B1F713666006F5F92 /* Main.storyboard */ = {
			isa = PBXVariantGroup;
			children = (
				2235098C1F713666006F5F92 /* Base */,
			);
			name = Main.storyboard;
			sourceTree = "<group>";
		};
		223509901F713666006F5F92 /* LaunchScreen.storyboard */ = {
			isa = PBXVariantGroup;
			children = (
				223509911F713666006F5F92 /* Base */,
			);
			name = LaunchScreen.storyboard;
			sourceTree = "<group>";
		};
/* End PBXVariantGroup section */

/* Begin XCBuildConfiguration section */
		223509941F713666006F5F92 /* Debug */ = {
			isa = XCBuildConfiguration;
			buildSettings = {
				ALWAYS_SEARCH_USER_PATHS = NO;
				CLANG_ANALYZER_NONNULL = YES;
				CLANG_ANALYZER_NUMBER_OBJECT_CONVERSION = YES_AGGRESSIVE;
				CLANG_CXX_LANGUAGE_STANDARD = "gnu++0x";
				CLANG_CXX_LIBRARY = "libc++";
				CLANG_ENABLE_MODULES = YES;
				CLANG_ENABLE_OBJC_ARC = YES;
				CLANG_WARN_BOOL_CONVERSION = YES;
				CLANG_WARN_CONSTANT_CONVERSION = YES;
				CLANG_WARN_DIRECT_OBJC_ISA_USAGE = YES_ERROR;
				CLANG_WARN_DOCUMENTATION_COMMENTS = YES;
				CLANG_WARN_EMPTY_BODY = YES;
				CLANG_WARN_ENUM_CONVERSION = YES;
				CLANG_WARN_INFINITE_RECURSION = YES;
				CLANG_WARN_INT_CONVERSION = YES;
				CLANG_WARN_OBJC_ROOT_CLASS = YES_ERROR;
				CLANG_WARN_SUSPICIOUS_MOVE = YES;
				CLANG_WARN_UNREACHABLE_CODE = YES;
				CLANG_WARN__DUPLICATE_METHOD_MATCH = YES;
				"CODE_SIGN_IDENTITY[sdk=iphoneos*]" = "iPhone Developer";
				COPY_PHASE_STRIP = NO;
				DEBUG_INFORMATION_FORMAT = dwarf;
				ENABLE_STRICT_OBJC_MSGSEND = YES;
				ENABLE_TESTABILITY = YES;
				GCC_C_LANGUAGE_STANDARD = gnu99;
				GCC_DYNAMIC_NO_PIC = NO;
				GCC_NO_COMMON_BLOCKS = YES;
				GCC_OPTIMIZATION_LEVEL = 0;
				GCC_PREPROCESSOR_DEFINITIONS = (
					"DEBUG=1",
					"$(inherited)",
				);
				GCC_WARN_64_TO_32_BIT_CONVERSION = YES;
				GCC_WARN_ABOUT_RETURN_TYPE = YES_ERROR;
				GCC_WARN_UNDECLARED_SELECTOR = YES;
				GCC_WARN_UNINITIALIZED_AUTOS = YES_AGGRESSIVE;
				GCC_WARN_UNUSED_FUNCTION = YES;
				GCC_WARN_UNUSED_VARIABLE = YES;
				IPHONEOS_DEPLOYMENT_TARGET = 10.3;
				MTL_ENABLE_DEBUG_INFO = YES;
				ONLY_ACTIVE_ARCH = YES;
				SDKROOT = iphoneos;
				SWIFT_ACTIVE_COMPILATION_CONDITIONS = DEBUG;
				SWIFT_OPTIMIZATION_LEVEL = "-Onone";
			};
			name = Debug;
		};
		223509951F713666006F5F92 /* Release */ = {
			isa = XCBuildConfiguration;
			buildSettings = {
				ALWAYS_SEARCH_USER_PATHS = NO;
				CLANG_ANALYZER_NONNULL = YES;
				CLANG_ANALYZER_NUMBER_OBJECT_CONVERSION = YES_AGGRESSIVE;
				CLANG_CXX_LANGUAGE_STANDARD = "gnu++0x";
				CLANG_CXX_LIBRARY = "libc++";
				CLANG_ENABLE_MODULES = YES;
				CLANG_ENABLE_OBJC_ARC = YES;
				CLANG_WARN_BOOL_CONVERSION = YES;
				CLANG_WARN_CONSTANT_CONVERSION = YES;
				CLANG_WARN_DIRECT_OBJC_ISA_USAGE = YES_ERROR;
				CLANG_WARN_DOCUMENTATION_COMMENTS = YES;
				CLANG_WARN_EMPTY_BODY = YES;
				CLANG_WARN_ENUM_CONVERSION = YES;
				CLANG_WARN_INFINITE_RECURSION = YES;
				CLANG_WARN_INT_CONVERSION = YES;
				CLANG_WARN_OBJC_ROOT_CLASS = YES_ERROR;
				CLANG_WARN_SUSPICIOUS_MOVE = YES;
				CLANG_WARN_UNREACHABLE_CODE = YES;
				CLANG_WARN__DUPLICATE_METHOD_MATCH = YES;
				"CODE_SIGN_IDENTITY[sdk=iphoneos*]" = "iPhone Developer";
				COPY_PHASE_STRIP = NO;
				DEBUG_INFORMATION_FORMAT = "dwarf-with-dsym";
				ENABLE_NS_ASSERTIONS = NO;
				ENABLE_STRICT_OBJC_MSGSEND = YES;
				GCC_C_LANGUAGE_STANDARD = gnu99;
				GCC_NO_COMMON_BLOCKS = YES;
				GCC_WARN_64_TO_32_BIT_CONVERSION = YES;
				GCC_WARN_ABOUT_RETURN_TYPE = YES_ERROR;
				GCC_WARN_UNDECLARED_SELECTOR = YES;
				GCC_WARN_UNINITIALIZED_AUTOS = YES_AGGRESSIVE;
				GCC_WARN_UNUSED_FUNCTION = YES;
				GCC_WARN_UNUSED_VARIABLE = YES;
				IPHONEOS_DEPLOYMENT_TARGET = 10.3;
				MTL_ENABLE_DEBUG_INFO = NO;
				SDKROOT = iphoneos;
				SWIFT_OPTIMIZATION_LEVEL = "-Owholemodule";
				VALIDATE_PRODUCT = YES;
			};
			name = Release;
		};
		223509971F713666006F5F92 /* Debug */ = {
			isa = XCBuildConfiguration;
			baseConfigurationReference = 55918FC87386032420F94A67 /* Pods-DouYuZB.debug.xcconfig */;
			buildSettings = {
				ASSETCATALOG_COMPILER_APPICON_NAME = AppIcon;
				ASSETCATALOG_COMPILER_LAUNCHIMAGE_NAME = LaunchImage;
				INFOPLIST_FILE = DouYuZB/Info.plist;
				IPHONEOS_DEPLOYMENT_TARGET = 9.0;
				LD_RUNPATH_SEARCH_PATHS = "$(inherited) @executable_path/Frameworks";
				PRODUCT_BUNDLE_IDENTIFIER = com.wkb.opencv.imageprocess.DouYuZB;
				PRODUCT_NAME = "$(TARGET_NAME)";
				SWIFT_ACTIVE_COMPILATION_CONDITIONS = DEBUG;
				SWIFT_VERSION = 3.0;
			};
			name = Debug;
		};
		223509981F713666006F5F92 /* Release */ = {
			isa = XCBuildConfiguration;
			baseConfigurationReference = A698EBB1DEE3D9316BCF3461 /* Pods-DouYuZB.release.xcconfig */;
			buildSettings = {
				ASSETCATALOG_COMPILER_APPICON_NAME = AppIcon;
				ASSETCATALOG_COMPILER_LAUNCHIMAGE_NAME = LaunchImage;
				INFOPLIST_FILE = DouYuZB/Info.plist;
				IPHONEOS_DEPLOYMENT_TARGET = 9.0;
				LD_RUNPATH_SEARCH_PATHS = "$(inherited) @executable_path/Frameworks";
				PRODUCT_BUNDLE_IDENTIFIER = com.wkb.opencv.imageprocess.DouYuZB;
				PRODUCT_NAME = "$(TARGET_NAME)";
				SWIFT_VERSION = 3.0;
			};
			name = Release;
		};
/* End XCBuildConfiguration section */

/* Begin XCConfigurationList section */
		2235097F1F713665006F5F92 /* Build configuration list for PBXProject "DouYuZB" */ = {
			isa = XCConfigurationList;
			buildConfigurations = (
				223509941F713666006F5F92 /* Debug */,
				223509951F713666006F5F92 /* Release */,
			);
			defaultConfigurationIsVisible = 0;
			defaultConfigurationName = Release;
		};
		223509961F713666006F5F92 /* Build configuration list for PBXNativeTarget "DouYuZB" */ = {
			isa = XCConfigurationList;
			buildConfigurations = (
				223509971F713666006F5F92 /* Debug */,
				223509981F713666006F5F92 /* Release */,
			);
			defaultConfigurationIsVisible = 0;
			defaultConfigurationName = Release;
		};
/* End XCConfigurationList section */
	};
	rootObject = 2235097C1F713665006F5F92 /* Project object */;
}
